
Microsoft Visual Studio Solution File, Format Version 11.00
# Visual Studio 2010
Project("{FAE04EC0-301F-11D3-BF4B-00C04F79EFBC}") = "TestSite", "TestSite\TestSite.csproj", "{CC18BD92-43F0-46B1-A6C4-712634C95030}"
EndProject
Global
	GlobalSection(SolutionConfigurationPlatforms) = preSolution
		Debug|Any CPU = Debug|Any CPU
		Release|Any CPU = Release|Any CPU
	EndGlobalSection
	GlobalSection(ProjectConfigurationPlatforms) = postSolution
		{CC18BD92-43F0-46B1-A6C4-712634C95030}.Debug|Any CPU.ActiveCfg = Debug|Any CPU
		{CC18BD92-43F0-46B1-A6C4-712634C95030}.Debug|Any CPU.Build.0 = Debug|Any CPU
		{CC18BD92-43F0-46B1-A6C4-712634C95030}.Release|Any CPU.ActiveCfg = Release|Any CPU
		{CC18BD92-43F0-46B1-A6C4-712634C95030}.Release|Any CPU.Build.0 = Release|Any CPU
	EndGlobalSection
	GlobalSection(SolutionProperties) = preSolution
		HideSolutionNode = FALSE
	EndGlobalSection
EndGlobal
